
Microsoft Visual Studio Solution File, Format Version 12.00
# Visual Studio Version 17
VisualStudioVersion = 17.9.34607.119
MinimumVisualStudioVersion = 10.0.40219.1
Project("{FAE04EC0-301F-11D3-BF4B-00C04F79EFBC}") = "HRMAPI.Core", "HRMAPI.Core\HRMAPI.Core.csproj", "{38238050-35FB-4C4C-B068-D92F1FAAE5F0}"
EndProject
Project("{FAE04EC0-301F-11D3-BF4B-00C04F79EFBC}") = "HRMAPI.Infrastructure", "HRMAPI.Infrastructure\HRMAPI.Infrastructure.csproj", "{6EF9B4B3-3752-4602-8A29-5D5B0B3BB53B}"
EndProject
Project("{FAE04EC0-301F-11D3-BF4B-00C04F79EFBC}") = "HRMAPI.WebApi", "HRMAPI.WebApi\HRMAPI.WebApi.csproj", "{6FC8D3BE-3CF1-4D47-BC89-43364782A825}"
EndProject
Global
	GlobalSection(SolutionConfigurationPlatforms) = preSolution
		Debug|Any CPU = Debug|Any CPU
		Release|Any CPU = Release|Any CPU
	EndGlobalSection
	GlobalSection(ProjectConfigurationPlatforms) = postSolution
		{38238050-35FB-4C4C-B068-D92F1FAAE5F0}.Debug|Any CPU.ActiveCfg = Debug|Any CPU
		{38238050-35FB-4C4C-B068-D92F1FAAE5F0}.Debug|Any CPU.Build.0 = Debug|Any CPU
		{38238050-35FB-4C4C-B068-D92F1FAAE5F0}.Release|Any CPU.ActiveCfg = Release|Any CPU
		{38238050-35FB-4C4C-B068-D92F1FAAE5F0}.Release|Any CPU.Build.0 = Release|Any CPU
		{6EF9B4B3-3752-4602-8A29-5D5B0B3BB53B}.Debug|Any CPU.ActiveCfg = Debug|Any CPU
		{6EF9B4B3-3752-4602-8A29-5D5B0B3BB53B}.Debug|Any CPU.Build.0 = Debug|Any CPU
		{6EF9B4B3-3752-4602-8A29-5D5B0B3BB53B}.Release|Any CPU.ActiveCfg = Release|Any CPU
		{6EF9B4B3-3752-4602-8A29-5D5B0B3BB53B}.Release|Any CPU.Build.0 = Release|Any CPU
		{6FC8D3BE-3CF1-4D47-BC89-43364782A825}.Debug|Any CPU.ActiveCfg = Debug|Any CPU
		{6FC8D3BE-3CF1-4D47-BC89-43364782A825}.Debug|Any CPU.Build.0 = Debug|Any CPU
		{6FC8D3BE-3CF1-4D47-BC89-43364782A825}.Release|Any CPU.ActiveCfg = Release|Any CPU
		{6FC8D3BE-3CF1-4D47-BC89-43364782A825}.Release|Any CPU.Build.0 = Release|Any CPU
	EndGlobalSection
	GlobalSection(SolutionProperties) = preSolution
		HideSolutionNode = FALSE
	EndGlobalSection
	GlobalSection(ExtensibilityGlobals) = postSolution
		SolutionGuid = {1F573CC3-DAB4-49E5-B10E-FB3F31C20708}
	EndGlobalSection
EndGlobal
